
Microsoft Visual Studio Solution File, Format Version 12.00
# Visual Studio Version 16
VisualStudioVersion = 16.0.30011.22
MinimumVisualStudioVersion = 10.0.40219.1
Project("{FAE04EC0-301F-11D3-BF4B-00C04F79EFBC}") = "NitroEmoji", "NitroEmoji\NitroEmoji.csproj", "{ED242F34-F912-4061-8F24-CFD4FC6D038B}"
EndProject
Global
	GlobalSection(SolutionConfigurationPlatforms) = preSolution
		Debug|Any CPU = Debug|Any CPU
		Release|Any CPU = Release|Any CPU
	EndGlobalSection
	GlobalSection(ProjectConfigurationPlatforms) = postSolution
		{ED242F34-F912-4061-8F24-CFD4FC6D038B}.Debug|Any CPU.ActiveCfg = Debug|Any CPU
		{ED242F34-F912-4061-8F24-CFD4FC6D038B}.Debug|Any CPU.Build.0 = Debug|Any CPU
		{ED242F34-F912-4061-8F24-CFD4FC6D038B}.Release|Any CPU.ActiveCfg = Release|Any CPU
		{ED242F34-F912-4061-8F24-CFD4FC6D038B}.Release|Any CPU.Build.0 = Release|Any CPU
	EndGlobalSection
	GlobalSection(SolutionProperties) = preSolution
		HideSolutionNode = FALSE
	EndGlobalSection
	GlobalSection(ExtensibilityGlobals) = postSolution
		SolutionGuid = {186DD58A-C3A9-4EB6-B743-2A86F9CA7180}
	EndGlobalSection
EndGlobal
